Microsoft Visual Studio Solution File, Format Version 12.00
# Visual Studio 2012
Project("{FAE04EC0-301F-11D3-BF4B-00C04F79EFBC}") = "Dungeon RPG", "Dungeon RPG.csproj", "{F67ACE22-B6C7-48B7-9EA3-CB7EB8FF079C}"
EndProject
Global
	GlobalSection(SolutionConfigurationPlatforms) = preSolution
	Debug|Any CPU = Debug|Any CPU
	ExportDebug|Any CPU = ExportDebug|Any CPU
	ExportRelease|Any CPU = ExportRelease|Any CPU
	EndGlobalSection
	GlobalSection(ProjectConfigurationPlatforms) = postSolution
		{F67ACE22-B6C7-48B7-9EA3-CB7EB8FF079C}.Debug|Any CPU.ActiveCfg = Debug|Any CPU
		{F67ACE22-B6C7-48B7-9EA3-CB7EB8FF079C}.Debug|Any CPU.Build.0 = Debug|Any CPU
		{F67ACE22-B6C7-48B7-9EA3-CB7EB8FF079C}.ExportDebug|Any CPU.ActiveCfg = ExportDebug|Any CPU
		{F67ACE22-B6C7-48B7-9EA3-CB7EB8FF079C}.ExportDebug|Any CPU.Build.0 = ExportDebug|Any CPU
		{F67ACE22-B6C7-48B7-9EA3-CB7EB8FF079C}.ExportRelease|Any CPU.ActiveCfg = ExportRelease|Any CPU
		{F67ACE22-B6C7-48B7-9EA3-CB7EB8FF079C}.ExportRelease|Any CPU.Build.0 = ExportRelease|Any CPU
	EndGlobalSection
EndGlobal
